
Microsoft Visual Studio Solution File, Format Version 12.00
# Visual Studio 15
Project("{FAE04EC0-301F-11D3-BF4B-00C04F79EFBC}") = "ShowHidePasswordTrigger.Android", "ShowHidePasswordTrigger.Android\ShowHidePasswordTrigger.Android.csproj", "{92D5986F-389D-496B-A89A-8F24E66CE9CA}"
EndProject
Project("{FAE04EC0-301F-11D3-BF4B-00C04F79EFBC}") = "ShowHidePasswordTrigger.iOS", "ShowHidePasswordTrigger.iOS\ShowHidePasswordTrigger.iOS.csproj", "{EB00BF44-213E-49E7-BC41-DAD4DE0223ED}"
EndProject
Project("{FAE04EC0-301F-11D3-BF4B-00C04F79EFBC}") = "ShowHidePasswordTrigger", "ShowHidePasswordTrigger\ShowHidePasswordTrigger.csproj", "{931CE020-3600-4488-AD18-8851B39F32B8}"
EndProject
Global
	GlobalSection(SolutionConfigurationPlatforms) = preSolution
		Debug|Any CPU = Debug|Any CPU
		Release|Any CPU = Release|Any CPU
		Debug|iPhoneSimulator = Debug|iPhoneSimulator
		Release|iPhoneSimulator = Release|iPhoneSimulator
		Debug|iPhone = Debug|iPhone
		Release|iPhone = Release|iPhone
	EndGlobalSection
	GlobalSection(ProjectConfigurationPlatforms) = postSolution
		{92D5986F-389D-496B-A89A-8F24E66CE9CA}.Debug|Any CPU.ActiveCfg = Debug|Any CPU
		{92D5986F-389D-496B-A89A-8F24E66CE9CA}.Debug|Any CPU.Build.0 = Debug|Any CPU
		{92D5986F-389D-496B-A89A-8F24E66CE9CA}.Release|Any CPU.ActiveCfg = Release|Any CPU
		{92D5986F-389D-496B-A89A-8F24E66CE9CA}.Release|Any CPU.Build.0 = Release|Any CPU
		{92D5986F-389D-496B-A89A-8F24E66CE9CA}.Debug|iPhoneSimulator.ActiveCfg = Debug|Any CPU
		{92D5986F-389D-496B-A89A-8F24E66CE9CA}.Debug|iPhoneSimulator.Build.0 = Debug|Any CPU
		{92D5986F-389D-496B-A89A-8F24E66CE9CA}.Release|iPhoneSimulator.ActiveCfg = Release|Any CPU
		{92D5986F-389D-496B-A89A-8F24E66CE9CA}.Release|iPhoneSimulator.Build.0 = Release|Any CPU
		{92D5986F-389D-496B-A89A-8F24E66CE9CA}.Debug|iPhone.ActiveCfg = Debug|Any CPU
		{92D5986F-389D-496B-A89A-8F24E66CE9CA}.Debug|iPhone.Build.0 = Debug|Any CPU
		{92D5986F-389D-496B-A89A-8F24E66CE9CA}.Release|iPhone.ActiveCfg = Release|Any CPU
		{92D5986F-389D-496B-A89A-8F24E66CE9CA}.Release|iPhone.Build.0 = Release|Any CPU
		{EB00BF44-213E-49E7-BC41-DAD4DE0223ED}.Debug|Any CPU.ActiveCfg = Debug|iPhoneSimulator
		{EB00BF44-213E-49E7-BC41-DAD4DE0223ED}.Debug|Any CPU.Build.0 = Debug|iPhoneSimulator
		{EB00BF44-213E-49E7-BC41-DAD4DE0223ED}.Release|Any CPU.ActiveCfg = Release|iPhoneSimulator
		{EB00BF44-213E-49E7-BC41-DAD4DE0223ED}.Release|Any CPU.Build.0 = Release|iPhoneSimulator
		{EB00BF44-213E-49E7-BC41-DAD4DE0223ED}.Debug|iPhoneSimulator.ActiveCfg = Debug|iPhoneSimulator
		{EB00BF44-213E-49E7-BC41-DAD4DE0223ED}.Debug|iPhoneSimulator.Build.0 = Debug|iPhoneSimulator
		{EB00BF44-213E-49E7-BC41-DAD4DE0223ED}.Release|iPhoneSimulator.ActiveCfg = Release|iPhoneSimulator
		{EB00BF44-213E-49E7-BC41-DAD4DE0223ED}.Release|iPhoneSimulator.Build.0 = Release|iPhoneSimulator
		{EB00BF44-213E-49E7-BC41-DAD4DE0223ED}.Debug|iPhone.ActiveCfg = Debug|iPhone
		{EB00BF44-213E-49E7-BC41-DAD4DE0223ED}.Debug|iPhone.Build.0 = Debug|iPhone
		{EB00BF44-213E-49E7-BC41-DAD4DE0223ED}.Release|iPhone.ActiveCfg = Release|iPhone
		{EB00BF44-213E-49E7-BC41-DAD4DE0223ED}.Release|iPhone.Build.0 = Release|iPhone
		{931CE020-3600-4488-AD18-8851B39F32B8}.Debug|Any CPU.ActiveCfg = Debug|Any CPU
		{931CE020-3600-4488-AD18-8851B39F32B8}.Debug|Any CPU.Build.0 = Debug|Any CPU
		{931CE020-3600-4488-AD18-8851B39F32B8}.Release|Any CPU.ActiveCfg = Release|Any CPU
		{931CE020-3600-4488-AD18-8851B39F32B8}.Release|Any CPU.Build.0 = Release|Any CPU
		{931CE020-3600-4488-AD18-8851B39F32B8}.Debug|iPhoneSimulator.ActiveCfg = Debug|Any CPU
		{931CE020-3600-4488-AD18-8851B39F32B8}.Debug|iPhoneSimulator.Build.0 = Debug|Any CPU
		{931CE020-3600-4488-AD18-8851B39F32B8}.Release|iPhoneSimulator.ActiveCfg = Release|Any CPU
		{931CE020-3600-4488-AD18-8851B39F32B8}.Release|iPhoneSimulator.Build.0 = Release|Any CPU
		{931CE020-3600-4488-AD18-8851B39F32B8}.Debug|iPhone.ActiveCfg = Debug|Any CPU
		{931CE020-3600-4488-AD18-8851B39F32B8}.Debug|iPhone.Build.0 = Debug|Any CPU
		{931CE020-3600-4488-AD18-8851B39F32B8}.Release|iPhone.ActiveCfg = Release|Any CPU
		{931CE020-3600-4488-AD18-8851B39F32B8}.Release|iPhone.Build.0 = Release|Any CPU
	EndGlobalSection
EndGlobal
